
Microsoft Visual Studio Solution File, Format Version 12.00
# Visual Studio 14
VisualStudioVersion = 14.0.25420.1
MinimumVisualStudioVersion = 10.0.40219.1
Project("{FAE04EC0-301F-11D3-BF4B-00C04F79EFBC}") = "CalendarTest.Android", "CalendarTest\CalendarTest.Android\CalendarTest.Android.csproj", "{746C89CE-9D30-4708-9B6D-E401A17ACC3E}"
EndProject
Project("{FAE04EC0-301F-11D3-BF4B-00C04F79EFBC}") = "CalendarTest", "CalendarTest\CalendarTest\CalendarTest.csproj", "{18EF87A3-6E2A-4B38-A0CF-F3FE88A1BBA1}"
EndProject
Project("{FAE04EC0-301F-11D3-BF4B-00C04F79EFBC}") = "CalendarTest.UWP", "CalendarTest\CalendarTest.UWP\CalendarTest.UWP.csproj", "{1DBB2E1D-2C35-4B38-977C-DE9505C998AA}"
EndProject
Project("{FAE04EC0-301F-11D3-BF4B-00C04F79EFBC}") = "CalendarTest.iOS", "CalendarTest\CalendarTest.iOS\CalendarTest.iOS.csproj", "{3C9529BD-F994-46A5-860F-912196D3FB5B}"
EndProject
Global
	GlobalSection(SolutionConfigurationPlatforms) = preSolution
		Ad-Hoc|Any CPU = Ad-Hoc|Any CPU
		Ad-Hoc|ARM = Ad-Hoc|ARM
		Ad-Hoc|iPhone = Ad-Hoc|iPhone
		Ad-Hoc|iPhoneSimulator = Ad-Hoc|iPhoneSimulator
		Ad-Hoc|x64 = Ad-Hoc|x64
		Ad-Hoc|x86 = Ad-Hoc|x86
		AppStore|Any CPU = AppStore|Any CPU
		AppStore|ARM = AppStore|ARM
		AppStore|iPhone = AppStore|iPhone
		AppStore|iPhoneSimulator = AppStore|iPhoneSimulator
		AppStore|x64 = AppStore|x64
		AppStore|x86 = AppStore|x86
		Debug|Any CPU = Debug|Any CPU
		Debug|ARM = Debug|ARM
		Debug|iPhone = Debug|iPhone
		Debug|iPhoneSimulator = Debug|iPhoneSimulator
		Debug|x64 = Debug|x64
		Debug|x86 = Debug|x86
		Release|Any CPU = Release|Any CPU
		Release|ARM = Release|ARM
		Release|iPhone = Release|iPhone
		Release|iPhoneSimulator = Release|iPhoneSimulator
		Release|x64 = Release|x64
		Release|x86 = Release|x86
	EndGlobalSection
	GlobalSection(ProjectConfigurationPlatforms) = postSolution
		{746C89CE-9D30-4708-9B6D-E401A17ACC3E}.Ad-Hoc|Any CPU.ActiveCfg = Release|Any CPU
		{746C89CE-9D30-4708-9B6D-E401A17ACC3E}.Ad-Hoc|Any CPU.Build.0 = Release|Any CPU
		{746C89CE-9D30-4708-9B6D-E401A17ACC3E}.Ad-Hoc|Any CPU.Deploy.0 = Release|Any CPU
		{746C89CE-9D30-4708-9B6D-E401A17ACC3E}.Ad-Hoc|ARM.ActiveCfg = Release|Any CPU
		{746C89CE-9D30-4708-9B6D-E401A17ACC3E}.Ad-Hoc|ARM.Build.0 = Release|Any CPU
		{746C89CE-9D30-4708-9B6D-E401A17ACC3E}.Ad-Hoc|ARM.Deploy.0 = Release|Any CPU
		{746C89CE-9D30-4708-9B6D-E401A17ACC3E}.Ad-Hoc|iPhone.ActiveCfg = Release|Any CPU
		{746C89CE-9D30-4708-9B6D-E401A17ACC3E}.Ad-Hoc|iPhone.Build.0 = Release|Any CPU
		{746C89CE-9D30-4708-9B6D-E401A17ACC3E}.Ad-Hoc|iPhone.Deploy.0 = Release|Any CPU
		{746C89CE-9D30-4708-9B6D-E401A17ACC3E}.Ad-Hoc|iPhoneSimulator.ActiveCfg = Release|Any CPU
		{746C89CE-9D30-4708-9B6D-E401A17ACC3E}.Ad-Hoc|iPhoneSimulator.Build.0 = Release|Any CPU
		{746C89CE-9D30-4708-9B6D-E401A17ACC3E}.Ad-Hoc|iPhoneSimulator.Deploy.0 = Release|Any CPU
		{746C89CE-9D30-4708-9B6D-E401A17ACC3E}.Ad-Hoc|x64.ActiveCfg = Release|Any CPU
		{746C89CE-9D30-4708-9B6D-E401A17ACC3E}.Ad-Hoc|x64.Build.0 = Release|Any CPU
		{746C89CE-9D30-4708-9B6D-E401A17ACC3E}.Ad-Hoc|x64.Deploy.0 = Release|Any CPU
		{746C89CE-9D30-4708-9B6D-E401A17ACC3E}.Ad-Hoc|x86.ActiveCfg = Release|Any CPU
		{746C89CE-9D30-4708-9B6D-E401A17ACC3E}.Ad-Hoc|x86.Build.0 = Release|Any CPU
		{746C89CE-9D30-4708-9B6D-E401A17ACC3E}.Ad-Hoc|x86.Deploy.0 = Release|Any CPU
		{746C89CE-9D30-4708-9B6D-E401A17ACC3E}.AppStore|Any CPU.ActiveCfg = Release|Any CPU
		{746C89CE-9D30-4708-9B6D-E401A17ACC3E}.AppStore|Any CPU.Build.0 = Release|Any CPU
		{746C89CE-9D30-4708-9B6D-E401A17ACC3E}.AppStore|Any CPU.Deploy.0 = Release|Any CPU
		{746C89CE-9D30-4708-9B6D-E401A17ACC3E}.AppStore|ARM.ActiveCfg = Release|Any CPU
		{746C89CE-9D30-4708-9B6D-E401A17ACC3E}.AppStore|ARM.Build.0 = Release|Any CPU
		{746C89CE-9D30-4708-9B6D-E401A17ACC3E}.AppStore|ARM.Deploy.0 = Release|Any CPU
		{746C89CE-9D30-4708-9B6D-E401A17ACC3E}.AppStore|iPhone.ActiveCfg = Release|Any CPU
		{746C89CE-9D30-4708-9B6D-E401A17ACC3E}.AppStore|iPhone.Build.0 = Release|Any CPU
		{746C89CE-9D30-4708-9B6D-E401A17ACC3E}.AppStore|iPhone.Deploy.0 = Release|Any CPU
		{746C89CE-9D30-4708-9B6D-E401A17ACC3E}.AppStore|iPhoneSimulator.ActiveCfg = Release|Any CPU
		{746C89CE-9D30-4708-9B6D-E401A17ACC3E}.AppStore|iPhoneSimulator.Build.0 = Release|Any CPU
		{746C89CE-9D30-4708-9B6D-E401A17ACC3E}.AppStore|iPhoneSimulator.Deploy.0 = Release|Any CPU
		{746C89CE-9D30-4708-9B6D-E401A17ACC3E}.AppStore|x64.ActiveCfg = Release|Any CPU
		{746C89CE-9D30-4708-9B6D-E401A17ACC3E}.AppStore|x64.Build.0 = Release|Any CPU
		{746C89CE-9D30-4708-9B6D-E401A17ACC3E}.AppStore|x64.Deploy.0 = Release|Any CPU
		{746C89CE-9D30-4708-9B6D-E401A17ACC3E}.AppStore|x86.ActiveCfg = Release|Any CPU
		{746C89CE-9D30-4708-9B6D-E401A17ACC3E}.AppStore|x86.Build.0 = Release|Any CPU
		{746C89CE-9D30-4708-9B6D-E401A17ACC3E}.AppStore|x86.Deploy.0 = Release|Any CPU
		{746C89CE-9D30-4708-9B6D-E401A17ACC3E}.Debug|Any CPU.ActiveCfg = Debug|Any CPU
		{746C89CE-9D30-4708-9B6D-E401A17ACC3E}.Debug|Any CPU.Build.0 = Debug|Any CPU
		{746C89CE-9D30-4708-9B6D-E401A17ACC3E}.Debug|Any CPU.Deploy.0 = Debug|Any CPU
		{746C89CE-9D30-4708-9B6D-E401A17ACC3E}.Debug|ARM.ActiveCfg = Debug|Any CPU
		{746C89CE-9D30-4708-9B6D-E401A17ACC3E}.Debug|ARM.Build.0 = Debug|Any CPU
		{746C89CE-9D30-4708-9B6D-E401A17ACC3E}.Debug|ARM.Deploy.0 = Debug|Any CPU
		{746C89CE-9D30-4708-9B6D-E401A17ACC3E}.Debug|iPhone.ActiveCfg = Debug|Any CPU
		{746C89CE-9D30-4708-9B6D-E401A17ACC3E}.Debug|iPhone.Build.0 = Debug|Any CPU
		{746C89CE-9D30-4708-9B6D-E401A17ACC3E}.Debug|iPhone.Deploy.0 = Debug|Any CPU
		{746C89CE-9D30-4708-9B6D-E401A17ACC3E}.Debug|iPhoneSimulator.ActiveCfg = Debug|Any CPU
		{746C89CE-9D30-4708-9B6D-E401A17ACC3E}.Debug|iPhoneSimulator.Build.0 = Debug|Any CPU
		{746C89CE-9D30-4708-9B6D-E401A17ACC3E}.Debug|iPhoneSimulator.Deploy.0 = Debug|Any CPU
		{746C89CE-9D30-4708-9B6D-E401A17ACC3E}.Debug|x64.ActiveCfg = Debug|Any CPU
		{746C89CE-9D30-4708-9B6D-E401A17ACC3E}.Debug|x64.Build.0 = Debug|Any CPU
		{746C89CE-9D30-4708-9B6D-E401A17ACC3E}.Debug|x64.Deploy.0 = Debug|Any CPU
		{746C89CE-9D30-4708-9B6D-E401A17ACC3E}.Debug|x86.ActiveCfg = Debug|Any CPU
		{746C89CE-9D30-4708-9B6D-E401A17ACC3E}.Debug|x86.Build.0 = Debug|Any CPU
		{746C89CE-9D30-4708-9B6D-E401A17ACC3E}.Debug|x86.Deploy.0 = Debug|Any CPU
		{746C89CE-9D30-4708-9B6D-E401A17ACC3E}.Release|Any CPU.ActiveCfg = Release|Any CPU
		{746C89CE-9D30-4708-9B6D-E401A17ACC3E}.Release|Any CPU.Build.0 = Release|Any CPU
		{746C89CE-9D30-4708-9B6D-E401A17ACC3E}.Release|Any CPU.Deploy.0 = Release|Any CPU
		{746C89CE-9D30-4708-9B6D-E401A17ACC3E}.Release|ARM.ActiveCfg = Release|Any CPU
		{746C89CE-9D30-4708-9B6D-E401A17ACC3E}.Release|ARM.Build.0 = Release|Any CPU
		{746C89CE-9D30-4708-9B6D-E401A17ACC3E}.Release|ARM.Deploy.0 = Release|Any CPU
		{746C89CE-9D30-4708-9B6D-E401A17ACC3E}.Release|iPhone.ActiveCfg = Release|Any CPU
		{746C89CE-9D30-4708-9B6D-E401A17ACC3E}.Release|iPhone.Build.0 = Release|Any CPU
		{746C89CE-9D30-4708-9B6D-E401A17ACC3E}.Release|iPhone.Deploy.0 = Release|Any CPU
		{746C89CE-9D30-4708-9B6D-E401A17ACC3E}.Release|iPhoneSimulator.ActiveCfg = Release|Any CPU
		{746C89CE-9D30-4708-9B6D-E401A17ACC3E}.Release|iPhoneSimulator.Build.0 = Release|Any CPU
		{746C89CE-9D30-4708-9B6D-E401A17ACC3E}.Release|iPhoneSimulator.Deploy.0 = Release|Any CPU
		{746C89CE-9D30-4708-9B6D-E401A17ACC3E}.Release|x64.ActiveCfg = Release|Any CPU
		{746C89CE-9D30-4708-9B6D-E401A17ACC3E}.Release|x64.Build.0 = Release|Any CPU
		{746C89CE-9D30-4708-9B6D-E401A17ACC3E}.Release|x64.Deploy.0 = Release|Any CPU
		{746C89CE-9D30-4708-9B6D-E401A17ACC3E}.Release|x86.ActiveCfg = Release|Any CPU
		{746C89CE-9D30-4708-9B6D-E401A17ACC3E}.Release|x86.Build.0 = Release|Any CPU
		{746C89CE-9D30-4708-9B6D-E401A17ACC3E}.Release|x86.Deploy.0 = Release|Any CPU
		{18EF87A3-6E2A-4B38-A0CF-F3FE88A1BBA1}.Ad-Hoc|Any CPU.ActiveCfg = Release|Any CPU
		{18EF87A3-6E2A-4B38-A0CF-F3FE88A1BBA1}.Ad-Hoc|Any CPU.Build.0 = Release|Any CPU
		{18EF87A3-6E2A-4B38-A0CF-F3FE88A1BBA1}.Ad-Hoc|ARM.ActiveCfg = Release|Any CPU
		{18EF87A3-6E2A-4B38-A0CF-F3FE88A1BBA1}.Ad-Hoc|ARM.Build.0 = Release|Any CPU
		{18EF87A3-6E2A-4B38-A0CF-F3FE88A1BBA1}.Ad-Hoc|iPhone.ActiveCfg = Release|Any CPU
		{18EF87A3-6E2A-4B38-A0CF-F3FE88A1BBA1}.Ad-Hoc|iPhone.Build.0 = Release|Any CPU
		{18EF87A3-6E2A-4B38-A0CF-F3FE88A1BBA1}.Ad-Hoc|iPhoneSimulator.ActiveCfg = Release|Any CPU
		{18EF87A3-6E2A-4B38-A0CF-F3FE88A1BBA1}.Ad-Hoc|iPhoneSimulator.Build.0 = Release|Any CPU
		{18EF87A3-6E2A-4B38-A0CF-F3FE88A1BBA1}.Ad-Hoc|x64.ActiveCfg = Release|Any CPU
		{18EF87A3-6E2A-4B38-A0CF-F3FE88A1BBA1}.Ad-Hoc|x64.Build.0 = Release|Any CPU
		{18EF87A3-6E2A-4B38-A0CF-F3FE88A1BBA1}.Ad-Hoc|x86.ActiveCfg = Release|Any CPU
		{18EF87A3-6E2A-4B38-A0CF-F3FE88A1BBA1}.Ad-Hoc|x86.Build.0 = Release|Any CPU
		{18EF87A3-6E2A-4B38-A0CF-F3FE88A1BBA1}.AppStore|Any CPU.ActiveCfg = Release|Any CPU
		{18EF87A3-6E2A-4B38-A0CF-F3FE88A1BBA1}.AppStore|Any CPU.Build.0 = Release|Any CPU
		{18EF87A3-6E2A-4B38-A0CF-F3FE88A1BBA1}.AppStore|ARM.ActiveCfg = Release|Any CPU
		{18EF87A3-6E2A-4B38-A0CF-F3FE88A1BBA1}.AppStore|ARM.Build.0 = Release|Any CPU
		{18EF87A3-6E2A-4B38-A0CF-F3FE88A1BBA1}.AppStore|iPhone.ActiveCfg = Release|Any CPU
		{18EF87A3-6E2A-4B38-A0CF-F3FE88A1BBA1}.AppStore|iPhone.Build.0 = Release|Any CPU
		{18EF87A3-6E2A-4B38-A0CF-F3FE88A1BBA1}.AppStore|iPhoneSimulator.ActiveCfg = Release|Any CPU
		{18EF87A3-6E2A-4B38-A0CF-F3FE88A1BBA1}.AppStore|iPhoneSimulator.Build.0 = Release|Any CPU
		{18EF87A3-6E2A-4B38-A0CF-F3FE88A1BBA1}.AppStore|x64.ActiveCfg = Release|Any CPU
		{18EF87A3-6E2A-4B38-A0CF-F3FE88A1BBA1}.AppStore|x64.Build.0 = Release|Any CPU
		{18EF87A3-6E2A-4B38-A0CF-F3FE88A1BBA1}.AppStore|x86.ActiveCfg = Release|Any CPU
		{18EF87A3-6E2A-4B38-A0CF-F3FE88A1BBA1}.AppStore|x86.Build.0 = Release|Any CPU
		{18EF87A3-6E2A-4B38-A0CF-F3FE88A1BBA1}.Debug|Any CPU.ActiveCfg = Debug|Any CPU
		{18EF87A3-6E2A-4B38-A0CF-F3FE88A1BBA1}.Debug|Any CPU.Build.0 = Debug|Any CPU
		{18EF87A3-6E2A-4B38-A0CF-F3FE88A1BBA1}.Debug|ARM.ActiveCfg = Debug|Any CPU
		{18EF87A3-6E2A-4B38-A0CF-F3FE88A1BBA1}.Debug|ARM.Build.0 = Debug|Any CPU
		{18EF87A3-6E2A-4B38-A0CF-F3FE88A1BBA1}.Debug|iPhone.ActiveCfg = Debug|Any CPU
		{18EF87A3-6E2A-4B38-A0CF-F3FE88A1BBA1}.Debug|iPhone.Build.0 = Debug|Any CPU
		{18EF87A3-6E2A-4B38-A0CF-F3FE88A1BBA1}.Debug|iPhoneSimulator.ActiveCfg = Debug|Any CPU
		{18EF87A3-6E2A-4B38-A0CF-F3FE88A1BBA1}.Debug|iPhoneSimulator.Build.0 = Debug|Any CPU
		{18EF87A3-6E2A-4B38-A0CF-F3FE88A1BBA1}.Debug|x64.ActiveCfg = Debug|Any CPU
		{18EF87A3-6E2A-4B38-A0CF-F3FE88A1BBA1}.Debug|x64.Build.0 = Debug|Any CPU
		{18EF87A3-6E2A-4B38-A0CF-F3FE88A1BBA1}.Debug|x86.ActiveCfg = Debug|Any CPU
		{18EF87A3-6E2A-4B38-A0CF-F3FE88A1BBA1}.Debug|x86.Build.0 = Debug|Any CPU
		{18EF87A3-6E2A-4B38-A0CF-F3FE88A1BBA1}.Release|Any CPU.ActiveCfg = Release|Any CPU
		{18EF87A3-6E2A-4B38-A0CF-F3FE88A1BBA1}.Release|Any CPU.Build.0 = Release|Any CPU
		{18EF87A3-6E2A-4B38-A0CF-F3FE88A1BBA1}.Release|ARM.ActiveCfg = Release|Any CPU
		{18EF87A3-6E2A-4B38-A0CF-F3FE88A1BBA1}.Release|ARM.Build.0 = Release|Any CPU
		{18EF87A3-6E2A-4B38-A0CF-F3FE88A1BBA1}.Release|iPhone.ActiveCfg = Release|Any CPU
		{18EF87A3-6E2A-4B38-A0CF-F3FE88A1BBA1}.Release|iPhone.Build.0 = Release|Any CPU
		{18EF87A3-6E2A-4B38-A0CF-F3FE88A1BBA1}.Release|iPhoneSimulator.ActiveCfg = Release|Any CPU
		{18EF87A3-6E2A-4B38-A0CF-F3FE88A1BBA1}.Release|iPhoneSimulator.Build.0 = Release|Any CPU
		{18EF87A3-6E2A-4B38-A0CF-F3FE88A1BBA1}.Release|x64.ActiveCfg = Release|Any CPU
		{18EF87A3-6E2A-4B38-A0CF-F3FE88A1BBA1}.Release|x64.Build.0 = Release|Any CPU
		{18EF87A3-6E2A-4B38-A0CF-F3FE88A1BBA1}.Release|x86.ActiveCfg = Release|Any CPU
		{18EF87A3-6E2A-4B38-A0CF-F3FE88A1BBA1}.Release|x86.Build.0 = Release|Any CPU
		{1DBB2E1D-2C35-4B38-977C-DE9505C998AA}.Ad-Hoc|Any CPU.ActiveCfg = Release|x86
		{1DBB2E1D-2C35-4B38-977C-DE9505C998AA}.Ad-Hoc|Any CPU.Build.0 = Release|x86
		{1DBB2E1D-2C35-4B38-977C-DE9505C998AA}.Ad-Hoc|Any CPU.Deploy.0 = Release|x86
		{1DBB2E1D-2C35-4B38-977C-DE9505C998AA}.Ad-Hoc|ARM.ActiveCfg = Release|ARM
		{1DBB2E1D-2C35-4B38-977C-DE9505C998AA}.Ad-Hoc|ARM.Build.0 = Release|ARM
		{1DBB2E1D-2C35-4B38-977C-DE9505C998AA}.Ad-Hoc|ARM.Deploy.0 = Release|ARM
		{1DBB2E1D-2C35-4B38-977C-DE9505C998AA}.Ad-Hoc|iPhone.ActiveCfg = Release|x86
		{1DBB2E1D-2C35-4B38-977C-DE9505C998AA}.Ad-Hoc|iPhone.Build.0 = Release|x86
		{1DBB2E1D-2C35-4B38-977C-DE9505C998AA}.Ad-Hoc|iPhone.Deploy.0 = Release|x86
		{1DBB2E1D-2C35-4B38-977C-DE9505C998AA}.Ad-Hoc|iPhoneSimulator.ActiveCfg = Release|x86
		{1DBB2E1D-2C35-4B38-977C-DE9505C998AA}.Ad-Hoc|iPhoneSimulator.Build.0 = Release|x86
		{1DBB2E1D-2C35-4B38-977C-DE9505C998AA}.Ad-Hoc|iPhoneSimulator.Deploy.0 = Release|x86
		{1DBB2E1D-2C35-4B38-977C-DE9505C998AA}.Ad-Hoc|x64.ActiveCfg = Release|x64
		{1DBB2E1D-2C35-4B38-977C-DE9505C998AA}.Ad-Hoc|x64.Build.0 = Release|x64
		{1DBB2E1D-2C35-4B38-977C-DE9505C998AA}.Ad-Hoc|x64.Deploy.0 = Release|x64
		{1DBB2E1D-2C35-4B38-977C-DE9505C998AA}.Ad-Hoc|x86.ActiveCfg = Release|x86
		{1DBB2E1D-2C35-4B38-977C-DE9505C998AA}.Ad-Hoc|x86.Build.0 = Release|x86
		{1DBB2E1D-2C35-4B38-977C-DE9505C998AA}.Ad-Hoc|x86.Deploy.0 = Release|x86
		{1DBB2E1D-2C35-4B38-977C-DE9505C998AA}.AppStore|Any CPU.ActiveCfg = Release|x86
		{1DBB2E1D-2C35-4B38-977C-DE9505C998AA}.AppStore|Any CPU.Build.0 = Release|x86
		{1DBB2E1D-2C35-4B38-977C-DE9505C998AA}.AppStore|Any CPU.Deploy.0 = Release|x86
		{1DBB2E1D-2C35-4B38-977C-DE9505C998AA}.AppStore|ARM.ActiveCfg = Release|ARM
		{1DBB2E1D-2C35-4B38-977C-DE9505C998AA}.AppStore|ARM.Build.0 = Release|ARM
		{1DBB2E1D-2C35-4B38-977C-DE9505C998AA}.AppStore|ARM.Deploy.0 = Release|ARM
		{1DBB2E1D-2C35-4B38-977C-DE9505C998AA}.AppStore|iPhone.ActiveCfg = Release|x86
		{1DBB2E1D-2C35-4B38-977C-DE9505C998AA}.AppStore|iPhone.Build.0 = Release|x86
		{1DBB2E1D-2C35-4B38-977C-DE9505C998AA}.AppStore|iPhone.Deploy.0 = Release|x86
		{1DBB2E1D-2C35-4B38-977C-DE9505C998AA}.AppStore|iPhoneSimulator.ActiveCfg = Release|x86
		{1DBB2E1D-2C35-4B38-977C-DE9505C998AA}.AppStore|iPhoneSimulator.Build.0 = Release|x86
		{1DBB2E1D-2C35-4B38-977C-DE9505C998AA}.AppStore|iPhoneSimulator.Deploy.0 = Release|x86
		{1DBB2E1D-2C35-4B38-977C-DE9505C998AA}.AppStore|x64.ActiveCfg = Release|x64
		{1DBB2E1D-2C35-4B38-977C-DE9505C998AA}.AppStore|x64.Build.0 = Release|x64
		{1DBB2E1D-2C35-4B38-977C-DE9505C998AA}.AppStore|x64.Deploy.0 = Release|x64
		{1DBB2E1D-2C35-4B38-977C-DE9505C998AA}.AppStore|x86.ActiveCfg = Release|x86
		{1DBB2E1D-2C35-4B38-977C-DE9505C998AA}.AppStore|x86.Build.0 = Release|x86
		{1DBB2E1D-2C35-4B38-977C-DE9505C998AA}.AppStore|x86.Deploy.0 = Release|x86
		{1DBB2E1D-2C35-4B38-977C-DE9505C998AA}.Debug|Any CPU.ActiveCfg = Debug|x86
		{1DBB2E1D-2C35-4B38-977C-DE9505C998AA}.Debug|Any CPU.Build.0 = Debug|x86
		{1DBB2E1D-2C35-4B38-977C-DE9505C998AA}.Debug|Any CPU.Deploy.0 = Debug|x86
		{1DBB2E1D-2C35-4B38-977C-DE9505C998AA}.Debug|ARM.ActiveCfg = Debug|ARM
		{1DBB2E1D-2C35-4B38-977C-DE9505C998AA}.Debug|ARM.Build.0 = Debug|ARM
		{1DBB2E1D-2C35-4B38-977C-DE9505C998AA}.Debug|ARM.Deploy.0 = Debug|ARM
		{1DBB2E1D-2C35-4B38-977C-DE9505C998AA}.Debug|iPhone.ActiveCfg = Debug|x86
		{1DBB2E1D-2C35-4B38-977C-DE9505C998AA}.Debug|iPhoneSimulator.ActiveCfg = Debug|x86
		{1DBB2E1D-2C35-4B38-977C-DE9505C998AA}.Debug|x64.ActiveCfg = Debug|x64
		{1DBB2E1D-2C35-4B38-977C-DE9505C998AA}.Debug|x64.Build.0 = Debug|x64
		{1DBB2E1D-2C35-4B38-977C-DE9505C998AA}.Debug|x64.Deploy.0 = Debug|x64
		{1DBB2E1D-2C35-4B38-977C-DE9505C998AA}.Debug|x86.ActiveCfg = Debug|x86
		{1DBB2E1D-2C35-4B38-977C-DE9505C998AA}.Debug|x86.Build.0 = Debug|x86
		{1DBB2E1D-2C35-4B38-977C-DE9505C998AA}.Debug|x86.Deploy.0 = Debug|x86
		{1DBB2E1D-2C35-4B38-977C-DE9505C998AA}.Release|Any CPU.ActiveCfg = Release|x86
		{1DBB2E1D-2C35-4B38-977C-DE9505C998AA}.Release|ARM.ActiveCfg = Release|ARM
		{1DBB2E1D-2C35-4B38-977C-DE9505C998AA}.Release|ARM.Build.0 = Release|ARM
		{1DBB2E1D-2C35-4B38-977C-DE9505C998AA}.Release|ARM.Deploy.0 = Release|ARM
		{1DBB2E1D-2C35-4B38-977C-DE9505C998AA}.Release|iPhone.ActiveCfg = Release|x86
		{1DBB2E1D-2C35-4B38-977C-DE9505C998AA}.Release|iPhoneSimulator.ActiveCfg = Release|x86
		{1DBB2E1D-2C35-4B38-977C-DE9505C998AA}.Release|x64.ActiveCfg = Release|x64
		{1DBB2E1D-2C35-4B38-977C-DE9505C998AA}.Release|x64.Build.0 = Release|x64
		{1DBB2E1D-2C35-4B38-977C-DE9505C998AA}.Release|x64.Deploy.0 = Release|x64
		{1DBB2E1D-2C35-4B38-977C-DE9505C998AA}.Release|x86.ActiveCfg = Release|x86
		{1DBB2E1D-2C35-4B38-977C-DE9505C998AA}.Release|x86.Build.0 = Release|x86
		{1DBB2E1D-2C35-4B38-977C-DE9505C998AA}.Release|x86.Deploy.0 = Release|x86
		{3C9529BD-F994-46A5-860F-912196D3FB5B}.Ad-Hoc|Any CPU.ActiveCfg = Ad-Hoc|iPhone
		{3C9529BD-F994-46A5-860F-912196D3FB5B}.Ad-Hoc|ARM.ActiveCfg = Ad-Hoc|iPhone
		{3C9529BD-F994-46A5-860F-912196D3FB5B}.Ad-Hoc|iPhone.ActiveCfg = Ad-Hoc|iPhone
		{3C9529BD-F994-46A5-860F-912196D3FB5B}.Ad-Hoc|iPhone.Build.0 = Ad-Hoc|iPhone
		{3C9529BD-F994-46A5-860F-912196D3FB5B}.Ad-Hoc|iPhoneSimulator.ActiveCfg = Ad-Hoc|iPhoneSimulator
		{3C9529BD-F994-46A5-860F-912196D3FB5B}.Ad-Hoc|iPhoneSimulator.Build.0 = Ad-Hoc|iPhoneSimulator
		{3C9529BD-F994-46A5-860F-912196D3FB5B}.Ad-Hoc|x64.ActiveCfg = Ad-Hoc|iPhone
		{3C9529BD-F994-46A5-860F-912196D3FB5B}.Ad-Hoc|x86.ActiveCfg = Ad-Hoc|iPhone
		{3C9529BD-F994-46A5-860F-912196D3FB5B}.AppStore|Any CPU.ActiveCfg = AppStore|iPhone
		{3C9529BD-F994-46A5-860F-912196D3FB5B}.AppStore|ARM.ActiveCfg = AppStore|iPhone
		{3C9529BD-F994-46A5-860F-912196D3FB5B}.AppStore|iPhone.ActiveCfg = AppStore|iPhone
		{3C9529BD-F994-46A5-860F-912196D3FB5B}.AppStore|iPhone.Build.0 = AppStore|iPhone
		{3C9529BD-F994-46A5-860F-912196D3FB5B}.AppStore|iPhoneSimulator.ActiveCfg = AppStore|iPhoneSimulator
		{3C9529BD-F994-46A5-860F-912196D3FB5B}.AppStore|iPhoneSimulator.Build.0 = AppStore|iPhoneSimulator
		{3C9529BD-F994-46A5-860F-912196D3FB5B}.AppStore|x64.ActiveCfg = AppStore|iPhone
		{3C9529BD-F994-46A5-860F-912196D3FB5B}.AppStore|x86.ActiveCfg = AppStore|iPhone
		{3C9529BD-F994-46A5-860F-912196D3FB5B}.Debug|Any CPU.ActiveCfg = Debug|iPhone
		{3C9529BD-F994-46A5-860F-912196D3FB5B}.Debug|Any CPU.Build.0 = Debug|iPhone
		{3C9529BD-F994-46A5-860F-912196D3FB5B}.Debug|ARM.ActiveCfg = Debug|iPhone
		{3C9529BD-F994-46A5-860F-912196D3FB5B}.Debug|iPhone.ActiveCfg = Debug|iPhone
		{3C9529BD-F994-46A5-860F-912196D3FB5B}.Debug|iPhone.Build.0 = Debug|iPhone
		{3C9529BD-F994-46A5-860F-912196D3FB5B}.Debug|iPhoneSimulator.ActiveCfg = Debug|iPhoneSimulator
		{3C9529BD-F994-46A5-860F-912196D3FB5B}.Debug|iPhoneSimulator.Build.0 = Debug|iPhoneSimulator
		{3C9529BD-F994-46A5-860F-912196D3FB5B}.Debug|x64.ActiveCfg = Debug|iPhone
		{3C9529BD-F994-46A5-860F-912196D3FB5B}.Debug|x86.ActiveCfg = Debug|iPhone
		{3C9529BD-F994-46A5-860F-912196D3FB5B}.Release|Any CPU.ActiveCfg = Release|iPhone
		{3C9529BD-F994-46A5-860F-912196D3FB5B}.Release|ARM.ActiveCfg = Release|iPhone
		{3C9529BD-F994-46A5-860F-912196D3FB5B}.Release|iPhone.ActiveCfg = Release|iPhone
		{3C9529BD-F994-46A5-860F-912196D3FB5B}.Release|iPhone.Build.0 = Release|iPhone
		{3C9529BD-F994-46A5-860F-912196D3FB5B}.Release|iPhoneSimulator.ActiveCfg = Release|iPhoneSimulator
		{3C9529BD-F994-46A5-860F-912196D3FB5B}.Release|iPhoneSimulator.Build.0 = Release|iPhoneSimulator
		{3C9529BD-F994-46A5-860F-912196D3FB5B}.Release|x64.ActiveCfg = Release|iPhone
		{3C9529BD-F994-46A5-860F-912196D3FB5B}.Release|x86.ActiveCfg = Release|iPhone
	EndGlobalSection
	GlobalSection(SolutionProperties) = preSolution
		HideSolutionNode = FALSE
	EndGlobalSection
EndGlobal
